{
  "name": "NDC_CMS",
  "lockfileVersion": 3,
  "requires": true,
  "packages": {
    "": {
      "dependencies": {
        "apexcharts": "^6.5.0"
      }
    },
    "node_modules/apexcharts": {
      "version": "6.5.0",
      "resolved": "https://registry.npmjs.org/apexcharts/-/apexcharts-6.5.0.tgz",
      "integrity": "sha512-yo04DuSIKA8cwCHEEcoI+MwBaPouTa5YnEmbT6R0cTN+v7OKdYxJl5BBVpzyPeNLD004rYyaT0EWeznDo1vztg==",
      "license": "SEE LICENSE IN LICENSE"
    }
  }
}
